
Microsoft Visual Studio Solution File, Format Version 12.00
Project("{FAE04EC0-301F-11D3-BF4B-00C04F79EFBC}") = "Lecture01", "Lecture01\Lecture01.csproj", "{93893063-E027-44DD-B443-34697DEFC129}"
EndProject
Project("{FAE04EC0-301F-11D3-BF4B-00C04F79EFBC}") = "Lecture02", "Lecture02\Lecture02.csproj", "{35116A03-B9B6-4602-BCB0-6CCB37016B37}"
EndProject
Project("{FAE04EC0-301F-11D3-BF4B-00C04F79EFBC}") = "Lecture03", "Lecture03\Lecture03.csproj", "{8CDD1581-8836-408C-B501-BD53D20E5A83}"
EndProject
Project("{FAE04EC0-301F-11D3-BF4B-00C04F79EFBC}") = "Lecture04", "Lecture04\Lecture04.csproj", "{56815A1D-C13A-4E42-BF7E-F17EB819E7D5}"
EndProject
Project("{FAE04EC0-301F-11D3-BF4B-00C04F79EFBC}") = "Lecture05", "Lecture05\Lecture05.csproj", "{1937A482-D87D-4AE8-897E-D89F5D6E3E63}"
EndProject
Project("{FAE04EC0-301F-11D3-BF4B-00C04F79EFBC}") = "Lecture06", "Lecture06\Lecture06.csproj", "{24F96BB1-B92F-4121-AC3A-E8EA89706322}"
EndProject
Project("{FAE04EC0-301F-11D3-BF4B-00C04F79EFBC}") = "Lecture07", "Lecture07\Lecture07.csproj", "{DAD34F22-FE37-408B-9345-8F7239DEA6B7}"
EndProject
Project("{FAE04EC0-301F-11D3-BF4B-00C04F79EFBC}") = "Lecture08", "Lecture08\Lecture08.csproj", "{62E23BC5-4FE3-48D4-8D0C-99A843387009}"
EndProject
Project("{FAE04EC0-301F-11D3-BF4B-00C04F79EFBC}") = "Lecture09", "Lecture09\Lecture09.csproj", "{24B6D94A-73E6-42E8-83C0-56A75618D3B7}"
EndProject
Project("{FAE04EC0-301F-11D3-BF4B-00C04F79EFBC}") = "Lecture10", "Lecture10\Lecture10.csproj", "{18AADD28-6814-4CBF-A93D-B1C6F50FD920}"
EndProject
Project("{FAE04EC0-301F-11D3-BF4B-00C04F79EFBC}") = "Lecture11", "Lecture11\Lecture11.csproj", "{00EA56D2-69B5-410A-B8EF-CB4F25485B47}"
EndProject
Project("{FAE04EC0-301F-11D3-BF4B-00C04F79EFBC}") = "FileSystem", "FileSystem\FileSystem.csproj", "{1927C8A4-C7CB-42CB-AD58-27D47BC1437F}"
EndProject
Project("{FAE04EC0-301F-11D3-BF4B-00C04F79EFBC}") = "Lecture13", "Lecture13\Lecture13.csproj", "{6F218C57-6936-4195-8949-CC9AC4C8DD38}"
EndProject
Global
	GlobalSection(SolutionConfigurationPlatforms) = preSolution
		Debug|Any CPU = Debug|Any CPU
		Release|Any CPU = Release|Any CPU
	EndGlobalSection
	GlobalSection(ProjectConfigurationPlatforms) = postSolution
		{93893063-E027-44DD-B443-34697DEFC129}.Debug|Any CPU.ActiveCfg = Debug|Any CPU
		{93893063-E027-44DD-B443-34697DEFC129}.Debug|Any CPU.Build.0 = Debug|Any CPU
		{93893063-E027-44DD-B443-34697DEFC129}.Release|Any CPU.ActiveCfg = Release|Any CPU
		{93893063-E027-44DD-B443-34697DEFC129}.Release|Any CPU.Build.0 = Release|Any CPU
		{35116A03-B9B6-4602-BCB0-6CCB37016B37}.Debug|Any CPU.ActiveCfg = Debug|Any CPU
		{35116A03-B9B6-4602-BCB0-6CCB37016B37}.Debug|Any CPU.Build.0 = Debug|Any CPU
		{35116A03-B9B6-4602-BCB0-6CCB37016B37}.Release|Any CPU.ActiveCfg = Release|Any CPU
		{35116A03-B9B6-4602-BCB0-6CCB37016B37}.Release|Any CPU.Build.0 = Release|Any CPU
		{8CDD1581-8836-408C-B501-BD53D20E5A83}.Debug|Any CPU.ActiveCfg = Debug|Any CPU
		{8CDD1581-8836-408C-B501-BD53D20E5A83}.Debug|Any CPU.Build.0 = Debug|Any CPU
		{8CDD1581-8836-408C-B501-BD53D20E5A83}.Release|Any CPU.ActiveCfg = Release|Any CPU
		{8CDD1581-8836-408C-B501-BD53D20E5A83}.Release|Any CPU.Build.0 = Release|Any CPU
		{56815A1D-C13A-4E42-BF7E-F17EB819E7D5}.Debug|Any CPU.ActiveCfg = Debug|Any CPU
		{56815A1D-C13A-4E42-BF7E-F17EB819E7D5}.Debug|Any CPU.Build.0 = Debug|Any CPU
		{56815A1D-C13A-4E42-BF7E-F17EB819E7D5}.Release|Any CPU.ActiveCfg = Release|Any CPU
		{56815A1D-C13A-4E42-BF7E-F17EB819E7D5}.Release|Any CPU.Build.0 = Release|Any CPU
		{1937A482-D87D-4AE8-897E-D89F5D6E3E63}.Debug|Any CPU.ActiveCfg = Debug|Any CPU
		{1937A482-D87D-4AE8-897E-D89F5D6E3E63}.Debug|Any CPU.Build.0 = Debug|Any CPU
		{1937A482-D87D-4AE8-897E-D89F5D6E3E63}.Release|Any CPU.ActiveCfg = Release|Any CPU
		{1937A482-D87D-4AE8-897E-D89F5D6E3E63}.Release|Any CPU.Build.0 = Release|Any CPU
		{24F96BB1-B92F-4121-AC3A-E8EA89706322}.Debug|Any CPU.ActiveCfg = Debug|Any CPU
		{24F96BB1-B92F-4121-AC3A-E8EA89706322}.Debug|Any CPU.Build.0 = Debug|Any CPU
		{24F96BB1-B92F-4121-AC3A-E8EA89706322}.Release|Any CPU.ActiveCfg = Release|Any CPU
		{24F96BB1-B92F-4121-AC3A-E8EA89706322}.Release|Any CPU.Build.0 = Release|Any CPU
		{DAD34F22-FE37-408B-9345-8F7239DEA6B7}.Debug|Any CPU.ActiveCfg = Debug|Any CPU
		{DAD34F22-FE37-408B-9345-8F7239DEA6B7}.Debug|Any CPU.Build.0 = Debug|Any CPU
		{DAD34F22-FE37-408B-9345-8F7239DEA6B7}.Release|Any CPU.ActiveCfg = Release|Any CPU
		{DAD34F22-FE37-408B-9345-8F7239DEA6B7}.Release|Any CPU.Build.0 = Release|Any CPU
		{62E23BC5-4FE3-48D4-8D0C-99A843387009}.Debug|Any CPU.ActiveCfg = Debug|Any CPU
		{62E23BC5-4FE3-48D4-8D0C-99A843387009}.Debug|Any CPU.Build.0 = Debug|Any CPU
		{62E23BC5-4FE3-48D4-8D0C-99A843387009}.Release|Any CPU.ActiveCfg = Release|Any CPU
		{62E23BC5-4FE3-48D4-8D0C-99A843387009}.Release|Any CPU.Build.0 = Release|Any CPU
		{24B6D94A-73E6-42E8-83C0-56A75618D3B7}.Debug|Any CPU.ActiveCfg = Debug|Any CPU
		{24B6D94A-73E6-42E8-83C0-56A75618D3B7}.Debug|Any CPU.Build.0 = Debug|Any CPU
		{24B6D94A-73E6-42E8-83C0-56A75618D3B7}.Release|Any CPU.ActiveCfg = Release|Any CPU
		{24B6D94A-73E6-42E8-83C0-56A75618D3B7}.Release|Any CPU.Build.0 = Release|Any CPU
		{18AADD28-6814-4CBF-A93D-B1C6F50FD920}.Debug|Any CPU.ActiveCfg = Debug|Any CPU
		{18AADD28-6814-4CBF-A93D-B1C6F50FD920}.Debug|Any CPU.Build.0 = Debug|Any CPU
		{18AADD28-6814-4CBF-A93D-B1C6F50FD920}.Release|Any CPU.ActiveCfg = Release|Any CPU
		{18AADD28-6814-4CBF-A93D-B1C6F50FD920}.Release|Any CPU.Build.0 = Release|Any CPU
		{00EA56D2-69B5-410A-B8EF-CB4F25485B47}.Debug|Any CPU.ActiveCfg = Debug|Any CPU
		{00EA56D2-69B5-410A-B8EF-CB4F25485B47}.Debug|Any CPU.Build.0 = Debug|Any CPU
		{00EA56D2-69B5-410A-B8EF-CB4F25485B47}.Release|Any CPU.ActiveCfg = Release|Any CPU
		{00EA56D2-69B5-410A-B8EF-CB4F25485B47}.Release|Any CPU.Build.0 = Release|Any CPU
		{1927C8A4-C7CB-42CB-AD58-27D47BC1437F}.Debug|Any CPU.ActiveCfg = Debug|Any CPU
		{1927C8A4-C7CB-42CB-AD58-27D47BC1437F}.Debug|Any CPU.Build.0 = Debug|Any CPU
		{1927C8A4-C7CB-42CB-AD58-27D47BC1437F}.Release|Any CPU.ActiveCfg = Release|Any CPU
		{1927C8A4-C7CB-42CB-AD58-27D47BC1437F}.Release|Any CPU.Build.0 = Release|Any CPU
		{6F218C57-6936-4195-8949-CC9AC4C8DD38}.Debug|Any CPU.ActiveCfg = Debug|Any CPU
		{6F218C57-6936-4195-8949-CC9AC4C8DD38}.Debug|Any CPU.Build.0 = Debug|Any CPU
		{6F218C57-6936-4195-8949-CC9AC4C8DD38}.Release|Any CPU.ActiveCfg = Release|Any CPU
		{6F218C57-6936-4195-8949-CC9AC4C8DD38}.Release|Any CPU.Build.0 = Release|Any CPU
	EndGlobalSection
EndGlobal
